
Microsoft Visual Studio Solution File, Format Version 12.00
# Visual Studio Version 16
VisualStudioVersion = 16.0.30114.105
MinimumVisualStudioVersion = 10.0.40219.1
Project("{FAE04EC0-301F-11D3-BF4B-00C04F79EFBC}") = "HelloWorld", "00_HelloWorld\HelloWorld.csproj", "{0021D0B1-71F8-467F-B3D8-C71E7034EF2D}"
EndProject
Project("{FAE04EC0-301F-11D3-BF4B-00C04F79EFBC}") = "Variables", "01_Variables\Variables.csproj", "{6D3FBB10-5F64-47D0-AA2F-33DB2DA0FB09}"
EndProject
Project("{FAE04EC0-301F-11D3-BF4B-00C04F79EFBC}") = "BasicTypes", "02_Types\BasicTypes.csproj", "{23AFAC95-D266-49C4-A0D7-6A64F4A1AD22}"
EndProject
Project("{FAE04EC0-301F-11D3-BF4B-00C04F79EFBC}") = "Operators", "03_Operators\Operators.csproj", "{0A67D20E-1681-4E3D-AA7C-A2A6FA196A18}"
EndProject
Project("{FAE04EC0-301F-11D3-BF4B-00C04F79EFBC}") = "Strings", "04_Strings\Strings.csproj", "{F996E244-3CD4-4368-944D-1602418830A1}"
EndProject
Global
	GlobalSection(SolutionConfigurationPlatforms) = preSolution
		Debug|Any CPU = Debug|Any CPU
		Release|Any CPU = Release|Any CPU
	EndGlobalSection
	GlobalSection(SolutionProperties) = preSolution
		HideSolutionNode = FALSE
	EndGlobalSection
	GlobalSection(ProjectConfigurationPlatforms) = postSolution
		{0021D0B1-71F8-467F-B3D8-C71E7034EF2D}.Debug|Any CPU.ActiveCfg = Debug|Any CPU
		{0021D0B1-71F8-467F-B3D8-C71E7034EF2D}.Debug|Any CPU.Build.0 = Debug|Any CPU
		{0021D0B1-71F8-467F-B3D8-C71E7034EF2D}.Release|Any CPU.ActiveCfg = Release|Any CPU
		{0021D0B1-71F8-467F-B3D8-C71E7034EF2D}.Release|Any CPU.Build.0 = Release|Any CPU
		{6D3FBB10-5F64-47D0-AA2F-33DB2DA0FB09}.Debug|Any CPU.ActiveCfg = Debug|Any CPU
		{6D3FBB10-5F64-47D0-AA2F-33DB2DA0FB09}.Debug|Any CPU.Build.0 = Debug|Any CPU
		{6D3FBB10-5F64-47D0-AA2F-33DB2DA0FB09}.Release|Any CPU.ActiveCfg = Release|Any CPU
		{6D3FBB10-5F64-47D0-AA2F-33DB2DA0FB09}.Release|Any CPU.Build.0 = Release|Any CPU
		{23AFAC95-D266-49C4-A0D7-6A64F4A1AD22}.Debug|Any CPU.ActiveCfg = Debug|Any CPU
		{23AFAC95-D266-49C4-A0D7-6A64F4A1AD22}.Debug|Any CPU.Build.0 = Debug|Any CPU
		{23AFAC95-D266-49C4-A0D7-6A64F4A1AD22}.Release|Any CPU.ActiveCfg = Release|Any CPU
		{23AFAC95-D266-49C4-A0D7-6A64F4A1AD22}.Release|Any CPU.Build.0 = Release|Any CPU
		{0A67D20E-1681-4E3D-AA7C-A2A6FA196A18}.Debug|Any CPU.ActiveCfg = Debug|Any CPU
		{0A67D20E-1681-4E3D-AA7C-A2A6FA196A18}.Debug|Any CPU.Build.0 = Debug|Any CPU
		{0A67D20E-1681-4E3D-AA7C-A2A6FA196A18}.Release|Any CPU.ActiveCfg = Release|Any CPU
		{0A67D20E-1681-4E3D-AA7C-A2A6FA196A18}.Release|Any CPU.Build.0 = Release|Any CPU
		{F996E244-3CD4-4368-944D-1602418830A1}.Debug|Any CPU.ActiveCfg = Debug|Any CPU
		{F996E244-3CD4-4368-944D-1602418830A1}.Debug|Any CPU.Build.0 = Debug|Any CPU
		{F996E244-3CD4-4368-944D-1602418830A1}.Release|Any CPU.ActiveCfg = Release|Any CPU
		{F996E244-3CD4-4368-944D-1602418830A1}.Release|Any CPU.Build.0 = Release|Any CPU
	EndGlobalSection
EndGlobal
