
Microsoft Visual Studio Solution File, Format Version 12.00
# Visual Studio Version 16
VisualStudioVersion = 16.0.30114.105
MinimumVisualStudioVersion = 10.0.40219.1
Project("{FAE04EC0-301F-11D3-BF4B-00C04F79EFBC}") = "HelloWorld", "00_HelloWorld\HelloWorld.csproj", "{0021D0B1-71F8-467F-B3D8-C71E7034EF2D}"
EndProject
Global
	GlobalSection(SolutionConfigurationPlatforms) = preSolution
		Debug|Any CPU = Debug|Any CPU
		Release|Any CPU = Release|Any CPU
	EndGlobalSection
	GlobalSection(SolutionProperties) = preSolution
		HideSolutionNode = FALSE
	EndGlobalSection
	GlobalSection(ProjectConfigurationPlatforms) = postSolution
		{0021D0B1-71F8-467F-B3D8-C71E7034EF2D}.Debug|Any CPU.ActiveCfg = Debug|Any CPU
		{0021D0B1-71F8-467F-B3D8-C71E7034EF2D}.Debug|Any CPU.Build.0 = Debug|Any CPU
		{0021D0B1-71F8-467F-B3D8-C71E7034EF2D}.Release|Any CPU.ActiveCfg = Release|Any CPU
		{0021D0B1-71F8-467F-B3D8-C71E7034EF2D}.Release|Any CPU.Build.0 = Release|Any CPU
	EndGlobalSection
EndGlobal
