
Microsoft Visual Studio Solution File, Format Version 12.00
# Visual Studio Version 16
VisualStudioVersion = 16.0.30114.105
MinimumVisualStudioVersion = 10.0.40219.1
Project("{FAE04EC0-301F-11D3-BF4B-00C04F79EFBC}") = "HelloWorld", "00_HelloWorld\HelloWorld.csproj", "{0021D0B1-71F8-467F-B3D8-C71E7034EF2D}"
EndProject
Project("{FAE04EC0-301F-11D3-BF4B-00C04F79EFBC}") = "Variables", "01_Variables\Variables.csproj", "{6D3FBB10-5F64-47D0-AA2F-33DB2DA0FB09}"
EndProject
Project("{FAE04EC0-301F-11D3-BF4B-00C04F79EFBC}") = "BasicTypes", "02_Types\BasicTypes.csproj", "{23AFAC95-D266-49C4-A0D7-6A64F4A1AD22}"
EndProject
Project("{FAE04EC0-301F-11D3-BF4B-00C04F79EFBC}") = "Operators", "03_Operators\Operators.csproj", "{0A67D20E-1681-4E3D-AA7C-A2A6FA196A18}"
EndProject
Project("{FAE04EC0-301F-11D3-BF4B-00C04F79EFBC}") = "Strings", "04_Strings\Strings.csproj", "{F996E244-3CD4-4368-944D-1602418830A1}"
EndProject
Project("{FAE04EC0-301F-11D3-BF4B-00C04F79EFBC}") = "Types_Challenges", "02_Types_Challenges\Types_Challenges.csproj", "{F6888FE5-381C-4CD5-B54C-9F7E2867BF95}"
EndProject
Project("{2150E333-8FDC-42A3-9474-1A3956D46DE8}") = "06_Conditionals", "06_Conditionals", "{74DFC233-E70F-4622-9780-17DCC2CFBB30}"
EndProject
Project("{FAE04EC0-301F-11D3-BF4B-00C04F79EFBC}") = "Ternaries", "06_Conditionals\Ternaries\Ternaries.csproj", "{95000C6F-214D-41CB-89F0-0C8F939D25B0}"
EndProject
Project("{FAE04EC0-301F-11D3-BF4B-00C04F79EFBC}") = "IfStatements", "06_Conditionals\IfStatements\IfStatements.csproj", "{E3809810-7B9F-4A75-9D7A-720015A85536}"
EndProject
Project("{FAE04EC0-301F-11D3-BF4B-00C04F79EFBC}") = "Switches", "06_Conditionals\Switches\Switches.csproj", "{BC1B2CD2-6A1B-4BE2-BA43-44AD6C779320}"
EndProject
Project("{FAE04EC0-301F-11D3-BF4B-00C04F79EFBC}") = "Booleans", "05_Booleans\Booleans.csproj", "{DFA39B38-69A4-4EF5-9AC1-35ACE58250BA}"
EndProject
Project("{FAE04EC0-301F-11D3-BF4B-00C04F79EFBC}") = "While", "07_Loops\While.csproj", "{87C12AC1-71AB-4016-85D4-4F6455AE667B}"
EndProject
Project("{2150E333-8FDC-42A3-9474-1A3956D46DE8}") = "07_Loops", "07_Loops", "{172703D7-490D-4540-9505-4ADE2BBEE966}"
EndProject
Project("{FAE04EC0-301F-11D3-BF4B-00C04F79EFBC}") = "ForLoops", "07_Loops\For\ForLoops.csproj", "{1A3B210F-3EAF-4AB6-A893-BD7FF5347230}"
EndProject
Project("{FAE04EC0-301F-11D3-BF4B-00C04F79EFBC}") = "WhileLoops", "07_Loops\While\WhileLoops.csproj", "{515B96DA-4F66-4722-B501-78B421ACC4A1}"
EndProject
Project("{FAE04EC0-301F-11D3-BF4B-00C04F79EFBC}") = "ForEachLoops", "07_Loops\ForEach\ForEachLoops.csproj", "{8505E6B1-024F-41BC-A837-124DFF631D41}"
EndProject
Project("{FAE04EC0-301F-11D3-BF4B-00C04F79EFBC}") = "DoWhile", "07_Loops\DoWhile\DoWhile.csproj", "{2A699268-5190-4241-BCF5-6CB787CCEEE0}"
EndProject
Project("{FAE04EC0-301F-11D3-BF4B-00C04F79EFBC}") = "LoopsChallenges", "07_Loops_Challenges\LoopsChallenges.csproj", "{F9845621-7123-4703-ADBA-73E019CDEC6D}"
EndProject
Global
	GlobalSection(SolutionConfigurationPlatforms) = preSolution
		Debug|Any CPU = Debug|Any CPU
		Release|Any CPU = Release|Any CPU
	EndGlobalSection
	GlobalSection(SolutionProperties) = preSolution
		HideSolutionNode = FALSE
	EndGlobalSection
	GlobalSection(ProjectConfigurationPlatforms) = postSolution
		{0021D0B1-71F8-467F-B3D8-C71E7034EF2D}.Debug|Any CPU.ActiveCfg = Debug|Any CPU
		{0021D0B1-71F8-467F-B3D8-C71E7034EF2D}.Debug|Any CPU.Build.0 = Debug|Any CPU
		{0021D0B1-71F8-467F-B3D8-C71E7034EF2D}.Release|Any CPU.ActiveCfg = Release|Any CPU
		{0021D0B1-71F8-467F-B3D8-C71E7034EF2D}.Release|Any CPU.Build.0 = Release|Any CPU
		{6D3FBB10-5F64-47D0-AA2F-33DB2DA0FB09}.Debug|Any CPU.ActiveCfg = Debug|Any CPU
		{6D3FBB10-5F64-47D0-AA2F-33DB2DA0FB09}.Debug|Any CPU.Build.0 = Debug|Any CPU
		{6D3FBB10-5F64-47D0-AA2F-33DB2DA0FB09}.Release|Any CPU.ActiveCfg = Release|Any CPU
		{6D3FBB10-5F64-47D0-AA2F-33DB2DA0FB09}.Release|Any CPU.Build.0 = Release|Any CPU
		{23AFAC95-D266-49C4-A0D7-6A64F4A1AD22}.Debug|Any CPU.ActiveCfg = Debug|Any CPU
		{23AFAC95-D266-49C4-A0D7-6A64F4A1AD22}.Debug|Any CPU.Build.0 = Debug|Any CPU
		{23AFAC95-D266-49C4-A0D7-6A64F4A1AD22}.Release|Any CPU.ActiveCfg = Release|Any CPU
		{23AFAC95-D266-49C4-A0D7-6A64F4A1AD22}.Release|Any CPU.Build.0 = Release|Any CPU
		{0A67D20E-1681-4E3D-AA7C-A2A6FA196A18}.Debug|Any CPU.ActiveCfg = Debug|Any CPU
		{0A67D20E-1681-4E3D-AA7C-A2A6FA196A18}.Debug|Any CPU.Build.0 = Debug|Any CPU
		{0A67D20E-1681-4E3D-AA7C-A2A6FA196A18}.Release|Any CPU.ActiveCfg = Release|Any CPU
		{0A67D20E-1681-4E3D-AA7C-A2A6FA196A18}.Release|Any CPU.Build.0 = Release|Any CPU
		{F996E244-3CD4-4368-944D-1602418830A1}.Debug|Any CPU.ActiveCfg = Debug|Any CPU
		{F996E244-3CD4-4368-944D-1602418830A1}.Debug|Any CPU.Build.0 = Debug|Any CPU
		{F996E244-3CD4-4368-944D-1602418830A1}.Release|Any CPU.ActiveCfg = Release|Any CPU
		{F996E244-3CD4-4368-944D-1602418830A1}.Release|Any CPU.Build.0 = Release|Any CPU
		{F6888FE5-381C-4CD5-B54C-9F7E2867BF95}.Debug|Any CPU.ActiveCfg = Debug|Any CPU
		{F6888FE5-381C-4CD5-B54C-9F7E2867BF95}.Debug|Any CPU.Build.0 = Debug|Any CPU
		{F6888FE5-381C-4CD5-B54C-9F7E2867BF95}.Release|Any CPU.ActiveCfg = Release|Any CPU
		{F6888FE5-381C-4CD5-B54C-9F7E2867BF95}.Release|Any CPU.Build.0 = Release|Any CPU
		{95000C6F-214D-41CB-89F0-0C8F939D25B0}.Debug|Any CPU.ActiveCfg = Debug|Any CPU
		{95000C6F-214D-41CB-89F0-0C8F939D25B0}.Debug|Any CPU.Build.0 = Debug|Any CPU
		{95000C6F-214D-41CB-89F0-0C8F939D25B0}.Release|Any CPU.ActiveCfg = Release|Any CPU
		{95000C6F-214D-41CB-89F0-0C8F939D25B0}.Release|Any CPU.Build.0 = Release|Any CPU
		{E3809810-7B9F-4A75-9D7A-720015A85536}.Debug|Any CPU.ActiveCfg = Debug|Any CPU
		{E3809810-7B9F-4A75-9D7A-720015A85536}.Debug|Any CPU.Build.0 = Debug|Any CPU
		{E3809810-7B9F-4A75-9D7A-720015A85536}.Release|Any CPU.ActiveCfg = Release|Any CPU
		{E3809810-7B9F-4A75-9D7A-720015A85536}.Release|Any CPU.Build.0 = Release|Any CPU
		{BC1B2CD2-6A1B-4BE2-BA43-44AD6C779320}.Debug|Any CPU.ActiveCfg = Debug|Any CPU
		{BC1B2CD2-6A1B-4BE2-BA43-44AD6C779320}.Debug|Any CPU.Build.0 = Debug|Any CPU
		{BC1B2CD2-6A1B-4BE2-BA43-44AD6C779320}.Release|Any CPU.ActiveCfg = Release|Any CPU
		{BC1B2CD2-6A1B-4BE2-BA43-44AD6C779320}.Release|Any CPU.Build.0 = Release|Any CPU
		{DFA39B38-69A4-4EF5-9AC1-35ACE58250BA}.Debug|Any CPU.ActiveCfg = Debug|Any CPU
		{DFA39B38-69A4-4EF5-9AC1-35ACE58250BA}.Debug|Any CPU.Build.0 = Debug|Any CPU
		{DFA39B38-69A4-4EF5-9AC1-35ACE58250BA}.Release|Any CPU.ActiveCfg = Release|Any CPU
		{DFA39B38-69A4-4EF5-9AC1-35ACE58250BA}.Release|Any CPU.Build.0 = Release|Any CPU
		{87C12AC1-71AB-4016-85D4-4F6455AE667B}.Debug|Any CPU.ActiveCfg = Debug|Any CPU
		{87C12AC1-71AB-4016-85D4-4F6455AE667B}.Debug|Any CPU.Build.0 = Debug|Any CPU
		{87C12AC1-71AB-4016-85D4-4F6455AE667B}.Release|Any CPU.ActiveCfg = Release|Any CPU
		{87C12AC1-71AB-4016-85D4-4F6455AE667B}.Release|Any CPU.Build.0 = Release|Any CPU
		{1A3B210F-3EAF-4AB6-A893-BD7FF5347230}.Debug|Any CPU.ActiveCfg = Debug|Any CPU
		{1A3B210F-3EAF-4AB6-A893-BD7FF5347230}.Debug|Any CPU.Build.0 = Debug|Any CPU
		{1A3B210F-3EAF-4AB6-A893-BD7FF5347230}.Release|Any CPU.ActiveCfg = Release|Any CPU
		{1A3B210F-3EAF-4AB6-A893-BD7FF5347230}.Release|Any CPU.Build.0 = Release|Any CPU
		{515B96DA-4F66-4722-B501-78B421ACC4A1}.Debug|Any CPU.ActiveCfg = Debug|Any CPU
		{515B96DA-4F66-4722-B501-78B421ACC4A1}.Debug|Any CPU.Build.0 = Debug|Any CPU
		{515B96DA-4F66-4722-B501-78B421ACC4A1}.Release|Any CPU.ActiveCfg = Release|Any CPU
		{515B96DA-4F66-4722-B501-78B421ACC4A1}.Release|Any CPU.Build.0 = Release|Any CPU
		{8505E6B1-024F-41BC-A837-124DFF631D41}.Debug|Any CPU.ActiveCfg = Debug|Any CPU
		{8505E6B1-024F-41BC-A837-124DFF631D41}.Debug|Any CPU.Build.0 = Debug|Any CPU
		{8505E6B1-024F-41BC-A837-124DFF631D41}.Release|Any CPU.ActiveCfg = Release|Any CPU
		{8505E6B1-024F-41BC-A837-124DFF631D41}.Release|Any CPU.Build.0 = Release|Any CPU
		{2A699268-5190-4241-BCF5-6CB787CCEEE0}.Debug|Any CPU.ActiveCfg = Debug|Any CPU
		{2A699268-5190-4241-BCF5-6CB787CCEEE0}.Debug|Any CPU.Build.0 = Debug|Any CPU
		{2A699268-5190-4241-BCF5-6CB787CCEEE0}.Release|Any CPU.ActiveCfg = Release|Any CPU
		{2A699268-5190-4241-BCF5-6CB787CCEEE0}.Release|Any CPU.Build.0 = Release|Any CPU
		{F9845621-7123-4703-ADBA-73E019CDEC6D}.Debug|Any CPU.ActiveCfg = Debug|Any CPU
		{F9845621-7123-4703-ADBA-73E019CDEC6D}.Debug|Any CPU.Build.0 = Debug|Any CPU
		{F9845621-7123-4703-ADBA-73E019CDEC6D}.Release|Any CPU.ActiveCfg = Release|Any CPU
		{F9845621-7123-4703-ADBA-73E019CDEC6D}.Release|Any CPU.Build.0 = Release|Any CPU
	EndGlobalSection
	GlobalSection(NestedProjects) = preSolution
		{95000C6F-214D-41CB-89F0-0C8F939D25B0} = {74DFC233-E70F-4622-9780-17DCC2CFBB30}
		{E3809810-7B9F-4A75-9D7A-720015A85536} = {74DFC233-E70F-4622-9780-17DCC2CFBB30}
		{BC1B2CD2-6A1B-4BE2-BA43-44AD6C779320} = {74DFC233-E70F-4622-9780-17DCC2CFBB30}
		{1A3B210F-3EAF-4AB6-A893-BD7FF5347230} = {172703D7-490D-4540-9505-4ADE2BBEE966}
		{515B96DA-4F66-4722-B501-78B421ACC4A1} = {172703D7-490D-4540-9505-4ADE2BBEE966}
		{8505E6B1-024F-41BC-A837-124DFF631D41} = {172703D7-490D-4540-9505-4ADE2BBEE966}
		{2A699268-5190-4241-BCF5-6CB787CCEEE0} = {172703D7-490D-4540-9505-4ADE2BBEE966}
	EndGlobalSection
EndGlobal
